
Microsoft Visual Studio Solution File, Format Version 12.00
# Visual Studio Version 17
VisualStudioVersion = 17.9.34701.34
MinimumVisualStudioVersion = 10.0.40219.1
Project("{9A19103F-16F7-4668-BE54-9A1E7A4F7556}") = "Guitar.Console", "Guitar.Console\Guitar.Console.csproj", "{A366B540-7497-49CA-8BC0-95EC12309659}"
EndProject
Project("{9A19103F-16F7-4668-BE54-9A1E7A4F7556}") = "Guitar.Common", "ClassLibrary1\Guitar.Common.csproj", "{69994F64-7339-4CED-B133-B1BD954556D8}"
EndProject
Project("{9A19103F-16F7-4668-BE54-9A1E7A4F7556}") = "Guitar.Infrastructure", "Guitar.Infrastructure\Guitar.Infrastructure.csproj", "{797D1C38-17B4-4D64-BEA4-DF25CB0309C9}"
EndProject
Project("{9A19103F-16F7-4668-BE54-9A1E7A4F7556}") = "Guitar.Abstractions", "Guitar.Abstractions\Guitar.Abstractions.csproj", "{643D84B1-A006-4496-B492-2C43E40295DD}"
EndProject
Project("{FAE04EC0-301F-11D3-BF4B-00C04F79EFBC}") = "Guitar.NoSql", "Guitar.NoSql\Guitar.NoSql.csproj", "{FAF6DB4B-0EC8-446A-A566-6E3424351DE4}"
EndProject
Global
	GlobalSection(SolutionConfigurationPlatforms) = preSolution
		Debug|Any CPU = Debug|Any CPU
		Release|Any CPU = Release|Any CPU
	EndGlobalSection
	GlobalSection(ProjectConfigurationPlatforms) = postSolution
		{A366B540-7497-49CA-8BC0-95EC12309659}.Debug|Any CPU.ActiveCfg = Debug|Any CPU
		{A366B540-7497-49CA-8BC0-95EC12309659}.Debug|Any CPU.Build.0 = Debug|Any CPU
		{A366B540-7497-49CA-8BC0-95EC12309659}.Release|Any CPU.ActiveCfg = Release|Any CPU
		{A366B540-7497-49CA-8BC0-95EC12309659}.Release|Any CPU.Build.0 = Release|Any CPU
		{69994F64-7339-4CED-B133-B1BD954556D8}.Debug|Any CPU.ActiveCfg = Debug|Any CPU
		{69994F64-7339-4CED-B133-B1BD954556D8}.Debug|Any CPU.Build.0 = Debug|Any CPU
		{69994F64-7339-4CED-B133-B1BD954556D8}.Release|Any CPU.ActiveCfg = Release|Any CPU
		{69994F64-7339-4CED-B133-B1BD954556D8}.Release|Any CPU.Build.0 = Release|Any CPU
		{797D1C38-17B4-4D64-BEA4-DF25CB0309C9}.Debug|Any CPU.ActiveCfg = Debug|Any CPU
		{797D1C38-17B4-4D64-BEA4-DF25CB0309C9}.Debug|Any CPU.Build.0 = Debug|Any CPU
		{797D1C38-17B4-4D64-BEA4-DF25CB0309C9}.Release|Any CPU.ActiveCfg = Release|Any CPU
		{797D1C38-17B4-4D64-BEA4-DF25CB0309C9}.Release|Any CPU.Build.0 = Release|Any CPU
		{643D84B1-A006-4496-B492-2C43E40295DD}.Debug|Any CPU.ActiveCfg = Debug|Any CPU
		{643D84B1-A006-4496-B492-2C43E40295DD}.Debug|Any CPU.Build.0 = Debug|Any CPU
		{643D84B1-A006-4496-B492-2C43E40295DD}.Release|Any CPU.ActiveCfg = Release|Any CPU
		{643D84B1-A006-4496-B492-2C43E40295DD}.Release|Any CPU.Build.0 = Release|Any CPU
		{FAF6DB4B-0EC8-446A-A566-6E3424351DE4}.Debug|Any CPU.ActiveCfg = Debug|Any CPU
		{FAF6DB4B-0EC8-446A-A566-6E3424351DE4}.Debug|Any CPU.Build.0 = Debug|Any CPU
		{FAF6DB4B-0EC8-446A-A566-6E3424351DE4}.Release|Any CPU.ActiveCfg = Release|Any CPU
		{FAF6DB4B-0EC8-446A-A566-6E3424351DE4}.Release|Any CPU.Build.0 = Release|Any CPU
	EndGlobalSection
	GlobalSection(SolutionProperties) = preSolution
		HideSolutionNode = FALSE
	EndGlobalSection
	GlobalSection(ExtensibilityGlobals) = postSolution
		SolutionGuid = {5D91C341-253F-4D47-8905-0F46C67D6382}
	EndGlobalSection
EndGlobal
